{
  "name": "hes",
  "version": "3.9.1",
  "lockfileVersion": 3,
  "requires": true,
  "packages": {
    "": {
      "name": "hes",
      "version": "3.9.1",
      "license": "UNLICENSED",
      "bin": {
        "hes": "cli/hes.mjs"
      },
      "engines": {
        "node": ">=18"
      }
    }
  }
}
